
Microsoft Visual Studio Solution File, Format Version 12.00
# Visual Studio 15
VisualStudioVersion = 15.0.27004.2008
MinimumVisualStudioVersion = 10.0.40219.1
Project("{8BC9CEB8-8B4A-11D0-8D11-00A0C91BC942}") = "Week1", "Week1\Week1.vcxproj", "{24D8D05F-1E98-4C88-9FA5-7EC1CB309F59}"
EndProject
Project("{8BC9CEB8-8B4A-11D0-8D11-00A0C91BC942}") = "Week 2", "Week 2\Week 2.vcxproj", "{FE7ACE9C-E5A0-414A-B77D-DECDE0BF5C54}"
EndProject
Project("{8BC9CEB8-8B4A-11D0-8D11-00A0C91BC942}") = "Week 3", "Week 3\Week 3.vcxproj", "{C677FF9B-2D94-463C-A916-A871B6BF3ED9}"
EndProject
Global
	GlobalSection(SolutionConfigurationPlatforms) = preSolution
		Debug|x64 = Debug|x64
		Debug|x86 = Debug|x86
		Release|x64 = Release|x64
		Release|x86 = Release|x86
	EndGlobalSection
	GlobalSection(ProjectConfigurationPlatforms) = postSolution
		{24D8D05F-1E98-4C88-9FA5-7EC1CB309F59}.Debug|x64.ActiveCfg = Debug|x64
		{24D8D05F-1E98-4C88-9FA5-7EC1CB309F59}.Debug|x64.Build.0 = Debug|x64
		{24D8D05F-1E98-4C88-9FA5-7EC1CB309F59}.Debug|x86.ActiveCfg = Debug|Win32
		{24D8D05F-1E98-4C88-9FA5-7EC1CB309F59}.Debug|x86.Build.0 = Debug|Win32
		{24D8D05F-1E98-4C88-9FA5-7EC1CB309F59}.Release|x64.ActiveCfg = Release|x64
		{24D8D05F-1E98-4C88-9FA5-7EC1CB309F59}.Release|x64.Build.0 = Release|x64
		{24D8D05F-1E98-4C88-9FA5-7EC1CB309F59}.Release|x86.ActiveCfg = Release|Win32
		{24D8D05F-1E98-4C88-9FA5-7EC1CB309F59}.Release|x86.Build.0 = Release|Win32
		{FE7ACE9C-E5A0-414A-B77D-DECDE0BF5C54}.Debug|x64.ActiveCfg = Debug|x64
		{FE7ACE9C-E5A0-414A-B77D-DECDE0BF5C54}.Debug|x64.Build.0 = Debug|x64
		{FE7ACE9C-E5A0-414A-B77D-DECDE0BF5C54}.Debug|x86.ActiveCfg = Debug|Win32
		{FE7ACE9C-E5A0-414A-B77D-DECDE0BF5C54}.Debug|x86.Build.0 = Debug|Win32
		{FE7ACE9C-E5A0-414A-B77D-DECDE0BF5C54}.Release|x64.ActiveCfg = Release|x64
		{FE7ACE9C-E5A0-414A-B77D-DECDE0BF5C54}.Release|x64.Build.0 = Release|x64
		{FE7ACE9C-E5A0-414A-B77D-DECDE0BF5C54}.Release|x86.ActiveCfg = Release|Win32
		{FE7ACE9C-E5A0-414A-B77D-DECDE0BF5C54}.Release|x86.Build.0 = Release|Win32
		{C677FF9B-2D94-463C-A916-A871B6BF3ED9}.Debug|x64.ActiveCfg = Debug|x64
		{C677FF9B-2D94-463C-A916-A871B6BF3ED9}.Debug|x64.Build.0 = Debug|x64
		{C677FF9B-2D94-463C-A916-A871B6BF3ED9}.Debug|x86.ActiveCfg = Debug|Win32
		{C677FF9B-2D94-463C-A916-A871B6BF3ED9}.Debug|x86.Build.0 = Debug|Win32
		{C677FF9B-2D94-463C-A916-A871B6BF3ED9}.Release|x64.ActiveCfg = Release|x64
		{C677FF9B-2D94-463C-A916-A871B6BF3ED9}.Release|x64.Build.0 = Release|x64
		{C677FF9B-2D94-463C-A916-A871B6BF3ED9}.Release|x86.ActiveCfg = Release|Win32
		{C677FF9B-2D94-463C-A916-A871B6BF3ED9}.Release|x86.Build.0 = Release|Win32
	EndGlobalSection
	GlobalSection(SolutionProperties) = preSolution
		HideSolutionNode = FALSE
	EndGlobalSection
	GlobalSection(ExtensibilityGlobals) = postSolution
		SolutionGuid = {53F75C5D-AAD0-4C11-96B7-B97105968AC1}
	EndGlobalSection
EndGlobal
